// !$*UTF8*$!
{
	archiveVersion = 1;
	classes = {
	};
	objectVersion = 60;
	objects = {

/* Begin PBXBuildFile section */
		91D749C62CE42CD8003BDFAE /* CLImageEditor in Frameworks */ = {isa = PBXBuildFile; productRef = 91D749C52CE42CD8003BDFAE /* CLImageEditor */; };
		91FAAC762CE5AC1000E0DF19 /* CLImageEditor in Frameworks */ = {isa = PBXBuildFile; productRef = 91FAAC752CE5AC1000E0DF19 /* CLImageEditor */; };
		AD1D2C6B1897538900752339 /* CLGPUImageVignetteFilter.m in Sources */ = {isa = PBXBuildFile; fileRef = AD1D2C6A1897538900752339 /* CLGPUImageVignetteFilter.m */; };
		AD29BB5D18EA471A0084D3D6 /* CLEmoticonTool.m in Sources */ = {isa = PBXBuildFile; fileRef = AD29BB5C18EA471A0084D3D6 /* CLEmoticonTool.m */; };
		AD359C321954FB4D00B763CF /* CLSplashTool.m in Sources */ = {isa = PBXBuildFile; fileRef = AD359C311954FB4D00B763CF /* CLSplashTool.m */; };
		AD5A03621897528000347C57 /* CLResizeTool.m in Sources */ = {isa = PBXBuildFile; fileRef = AD5A032F1897528000347C57 /* CLResizeTool.m */; };
		AD5A03631897528000347C57 /* CLStickerTool.m in Sources */ = {isa = PBXBuildFile; fileRef = AD5A03321897528000347C57 /* CLStickerTool.m */; };
		AD5A03641897528000347C57 /* CLFontPickerView.m in Sources */ = {isa = PBXBuildFile; fileRef = AD5A03351897528000347C57 /* CLFontPickerView.m */; };
		AD5A03651897528000347C57 /* CLPickerDrum.m in Sources */ = {isa = PBXBuildFile; fileRef = AD5A03371897528000347C57 /* CLPickerDrum.m */; };
		AD5A03661897528000347C57 /* CLPickerView.m in Sources */ = {isa = PBXBuildFile; fileRef = AD5A03391897528000347C57 /* CLPickerView.m */; };
		AD5A03671897528000347C57 /* CLTextLabel.m in Sources */ = {isa = PBXBuildFile; fileRef = AD5A033B1897528000347C57 /* CLTextLabel.m */; };
		AD5A03681897528000347C57 /* CLTextSettingView.m in Sources */ = {isa = PBXBuildFile; fileRef = AD5A033D1897528000347C57 /* CLTextSettingView.m */; };
		AD5A03691897528000347C57 /* CLTextTool.m in Sources */ = {isa = PBXBuildFile; fileRef = AD5A033F1897528000347C57 /* CLTextTool.m */; };
		AD5C1E0418350DC400790989 /* Foundation.framework in Frameworks */ = {isa = PBXBuildFile; fileRef = AD5C1E0318350DC400790989 /* Foundation.framework */; };
		AD5C1E0618350DC400790989 /* CoreGraphics.framework in Frameworks */ = {isa = PBXBuildFile; fileRef = AD5C1E0518350DC400790989 /* CoreGraphics.framework */; };
		AD5C1E0818350DC400790989 /* UIKit.framework in Frameworks */ = {isa = PBXBuildFile; fileRef = AD5C1E0718350DC400790989 /* UIKit.framework */; };
		AD5C1E0E18350DC400790989 /* InfoPlist.strings in Resources */ = {isa = PBXBuildFile; fileRef = AD5C1E0C18350DC400790989 /* InfoPlist.strings */; };
		AD5C1E1018350DC400790989 /* main.m in Sources */ = {isa = PBXBuildFile; fileRef = AD5C1E0F18350DC400790989 /* main.m */; };
		AD5C1E1418350DC400790989 /* AppDelegate.m in Sources */ = {isa = PBXBuildFile; fileRef = AD5C1E1318350DC400790989 /* AppDelegate.m */; };
		AD5C1E1718350DC400790989 /* Main.storyboard in Resources */ = {isa = PBXBuildFile; fileRef = AD5C1E1518350DC400790989 /* Main.storyboard */; };
		AD5C1E1A18350DC400790989 /* ViewController.m in Sources */ = {isa = PBXBuildFile; fileRef = AD5C1E1918350DC400790989 /* ViewController.m */; };
		AD5C1E1C18350DC400790989 /* Images.xcassets in Resources */ = {isa = PBXBuildFile; fileRef = AD5C1E1B18350DC400790989 /* Images.xcassets */; };
		AD5C1E8A18350F1800790989 /* default.jpg in Resources */ = {isa = PBXBuildFile; fileRef = AD5C1E8918350F1800790989 /* default.jpg */; };
		AD85D68718457388003106A3 /* Accelerate.framework in Frameworks */ = {isa = PBXBuildFile; fileRef = AD85D68618457388003106A3 /* Accelerate.framework */; };
		AD85D68918457394003106A3 /* CoreImage.framework in Frameworks */ = {isa = PBXBuildFile; fileRef = AD85D68818457394003106A3 /* CoreImage.framework */; };
/* End PBXBuildFile section */

/* Begin PBXFileReference section */
		AD13E67C1850F7C8009B12AD /* ja */ = {isa = PBXFileReference; lastKnownFileType = text.plist.strings; name = ja; path = ja.lproj/InfoPlist.strings; sourceTree = "<group>"; };
		AD1D2C691897538900752339 /* CLGPUImageVignetteFilter.h */ = {isa = PBXFileReference; fileEncoding = 4; lastKnownFileType = sourcecode.c.h; name = CLGPUImageVignetteFilter.h; path = CLGPUImageFilters/CLGPUImageVignetteFilter.h; sourceTree = "<group>"; };
		AD1D2C6A1897538900752339 /* CLGPUImageVignetteFilter.m */ = {isa = PBXFileReference; fileEncoding = 4; lastKnownFileType = sourcecode.c.objc; name = CLGPUImageVignetteFilter.m; path = CLGPUImageFilters/CLGPUImageVignetteFilter.m; sourceTree = "<group>"; };
		AD29BB5B18EA471A0084D3D6 /* CLEmoticonTool.h */ = {isa = PBXFileReference; fileEncoding = 4; lastKnownFileType = sourcecode.c.h; path = CLEmoticonTool.h; sourceTree = "<group>"; };
		AD29BB5C18EA471A0084D3D6 /* CLEmoticonTool.m */ = {isa = PBXFileReference; fileEncoding = 4; lastKnownFileType = sourcecode.c.objc; path = CLEmoticonTool.m; sourceTree = "<group>"; };
		AD359C301954FB4D00B763CF /* CLSplashTool.h */ = {isa = PBXFileReference; fileEncoding = 4; lastKnownFileType = sourcecode.c.h; path = CLSplashTool.h; sourceTree = "<group>"; };
		AD359C311954FB4D00B763CF /* CLSplashTool.m */ = {isa = PBXFileReference; fileEncoding = 4; lastKnownFileType = sourcecode.c.objc; path = CLSplashTool.m; sourceTree = "<group>"; };
		AD5A032E1897528000347C57 /* CLResizeTool.h */ = {isa = PBXFileReference; fileEncoding = 4; lastKnownFileType = sourcecode.c.h; path = CLResizeTool.h; sourceTree = "<group>"; };
		AD5A032F1897528000347C57 /* CLResizeTool.m */ = {isa = PBXFileReference; fileEncoding = 4; lastKnownFileType = sourcecode.c.objc; path = CLResizeTool.m; sourceTree = "<group>"; };
		AD5A03311897528000347C57 /* CLStickerTool.h */ = {isa = PBXFileReference; fileEncoding = 4; lastKnownFileType = sourcecode.c.h; path = CLStickerTool.h; sourceTree = "<group>"; };
		AD5A03321897528000347C57 /* CLStickerTool.m */ = {isa = PBXFileReference; fileEncoding = 4; lastKnownFileType = sourcecode.c.objc; path = CLStickerTool.m; sourceTree = "<group>"; };
		AD5A03341897528000347C57 /* CLFontPickerView.h */ = {isa = PBXFileReference; fileEncoding = 4; lastKnownFileType = sourcecode.c.h; path = CLFontPickerView.h; sourceTree = "<group>"; };
		AD5A03351897528000347C57 /* CLFontPickerView.m */ = {isa = PBXFileReference; fileEncoding = 4; lastKnownFileType = sourcecode.c.objc; path = CLFontPickerView.m; sourceTree = "<group>"; };
		AD5A03361897528000347C57 /* CLPickerDrum.h */ = {isa = PBXFileReference; fileEncoding = 4; lastKnownFileType = sourcecode.c.h; path = CLPickerDrum.h; sourceTree = "<group>"; };
		AD5A03371897528000347C57 /* CLPickerDrum.m */ = {isa = PBXFileReference; fileEncoding = 4; lastKnownFileType = sourcecode.c.objc; path = CLPickerDrum.m; sourceTree = "<group>"; };
		AD5A03381897528000347C57 /* CLPickerView.h */ = {isa = PBXFileReference; fileEncoding = 4; lastKnownFileType = sourcecode.c.h; path = CLPickerView.h; sourceTree = "<group>"; };
		AD5A03391897528000347C57 /* CLPickerView.m */ = {isa = PBXFileReference; fileEncoding = 4; lastKnownFileType = sourcecode.c.objc; path = CLPickerView.m; sourceTree = "<group>"; };
		AD5A033A1897528000347C57 /* CLTextLabel.h */ = {isa = PBXFileReference; fileEncoding = 4; lastKnownFileType = sourcecode.c.h; path = CLTextLabel.h; sourceTree = "<group>"; };
		AD5A033B1897528000347C57 /* CLTextLabel.m */ = {isa = PBXFileReference; fileEncoding = 4; lastKnownFileType = sourcecode.c.objc; path = CLTextLabel.m; sourceTree = "<group>"; };
		AD5A033C1897528000347C57 /* CLTextSettingView.h */ = {isa = PBXFileReference; fileEncoding = 4; lastKnownFileType = sourcecode.c.h; path = CLTextSettingView.h; sourceTree = "<group>"; };
		AD5A033D1897528000347C57 /* CLTextSettingView.m */ = {isa = PBXFileReference; fileEncoding = 4; lastKnownFileType = sourcecode.c.objc; path = CLTextSettingView.m; sourceTree = "<group>"; };
		AD5A033E1897528000347C57 /* CLTextTool.h */ = {isa = PBXFileReference; fileEncoding = 4; lastKnownFileType = sourcecode.c.h; path = CLTextTool.h; sourceTree = "<group>"; };
		AD5A033F1897528000347C57 /* CLTextTool.m */ = {isa = PBXFileReference; fileEncoding = 4; lastKnownFileType = sourcecode.c.objc; path = CLTextTool.m; sourceTree = "<group>"; };
		AD5C1E0018350DC400790989 /* CLImageEditorDemo.app */ = {isa = PBXFileReference; explicitFileType = wrapper.application; includeInIndex = 0; path = CLImageEditorDemo.app; sourceTree = BUILT_PRODUCTS_DIR; };
		AD5C1E0318350DC400790989 /* Foundation.framework */ = {isa = PBXFileReference; lastKnownFileType = wrapper.framework; name = Foundation.framework; path = System/Library/Frameworks/Foundation.framework; sourceTree = SDKROOT; };
		AD5C1E0518350DC400790989 /* CoreGraphics.framework */ = {isa = PBXFileReference; lastKnownFileType = wrapper.framework; name = CoreGraphics.framework; path = System/Library/Frameworks/CoreGraphics.framework; sourceTree = SDKROOT; };
		AD5C1E0718350DC400790989 /* UIKit.framework */ = {isa = PBXFileReference; lastKnownFileType = wrapper.framework; name = UIKit.framework; path = System/Library/Frameworks/UIKit.framework; sourceTree = SDKROOT; };
		AD5C1E0B18350DC400790989 /* CLImageEditorDemo-Info.plist */ = {isa = PBXFileReference; lastKnownFileType = text.plist.xml; path = "CLImageEditorDemo-Info.plist"; sourceTree = "<group>"; };
		AD5C1E0D18350DC400790989 /* en */ = {isa = PBXFileReference; lastKnownFileType = text.plist.strings; name = en; path = en.lproj/InfoPlist.strings; sourceTree = "<group>"; };
		AD5C1E0F18350DC400790989 /* main.m */ = {isa = PBXFileReference; lastKnownFileType = sourcecode.c.objc; path = main.m; sourceTree = "<group>"; };
		AD5C1E1118350DC400790989 /* CLImageEditorDemo-Prefix.pch */ = {isa = PBXFileReference; lastKnownFileType = sourcecode.c.h; path = "CLImageEditorDemo-Prefix.pch"; sourceTree = "<group>"; };
		AD5C1E1218350DC400790989 /* AppDelegate.h */ = {isa = PBXFileReference; lastKnownFileType = sourcecode.c.h; path = AppDelegate.h; sourceTree = "<group>"; };
		AD5C1E1318350DC400790989 /* AppDelegate.m */ = {isa = PBXFileReference; lastKnownFileType = sourcecode.c.objc; path = AppDelegate.m; sourceTree = "<group>"; };
		AD5C1E1618350DC400790989 /* Base */ = {isa = PBXFileReference; lastKnownFileType = file.storyboard; name = Base; path = Base.lproj/Main.storyboard; sourceTree = "<group>"; };
		AD5C1E1818350DC400790989 /* ViewController.h */ = {isa = PBXFileReference; lastKnownFileType = sourcecode.c.h; path = ViewController.h; sourceTree = "<group>"; };
		AD5C1E1918350DC400790989 /* ViewController.m */ = {isa = PBXFileReference; lastKnownFileType = sourcecode.c.objc; path = ViewController.m; sourceTree = "<group>"; };
		AD5C1E1B18350DC400790989 /* Images.xcassets */ = {isa = PBXFileReference; lastKnownFileType = folder.assetcatalog; path = Images.xcassets; sourceTree = "<group>"; };
		AD5C1E2218350DC400790989 /* XCTest.framework */ = {isa = PBXFileReference; lastKnownFileType = wrapper.framework; name = XCTest.framework; path = Library/Frameworks/XCTest.framework; sourceTree = DEVELOPER_DIR; };
		AD5C1E8918350F1800790989 /* default.jpg */ = {isa = PBXFileReference; lastKnownFileType = image.jpeg; path = default.jpg; sourceTree = "<group>"; };
		AD85D68618457388003106A3 /* Accelerate.framework */ = {isa = PBXFileReference; lastKnownFileType = wrapper.framework; name = Accelerate.framework; path = System/Library/Frameworks/Accelerate.framework; sourceTree = SDKROOT; };
		AD85D68818457394003106A3 /* CoreImage.framework */ = {isa = PBXFileReference; lastKnownFileType = wrapper.framework; name = CoreImage.framework; path = System/Library/Frameworks/CoreImage.framework; sourceTree = SDKROOT; };
/* End PBXFileReference section */

/* Begin PBXFrameworksBuildPhase section */
		AD5C1DFD18350DC400790989 /* Frameworks */ = {
			isa = PBXFrameworksBuildPhase;
			buildActionMask = 2147483647;
			files = (
				AD85D68918457394003106A3 /* CoreImage.framework in Frameworks */,
				AD85D68718457388003106A3 /* Accelerate.framework in Frameworks */,
				91D749C62CE42CD8003BDFAE /* CLImageEditor in Frameworks */,
				AD5C1E0618350DC400790989 /* CoreGraphics.framework in Frameworks */,
				91FAAC762CE5AC1000E0DF19 /* CLImageEditor in Frameworks */,
				AD5C1E0818350DC400790989 /* UIKit.framework in Frameworks */,
				AD5C1E0418350DC400790989 /* Foundation.framework in Frameworks */,
			);
			runOnlyForDeploymentPostprocessing = 0;
		};
/* End PBXFrameworksBuildPhase section */

/* Begin PBXGroup section */
		AD1D2C681897532100752339 /* CLGPUImageFilters */ = {
			isa = PBXGroup;
			children = (
				AD1D2C691897538900752339 /* CLGPUImageVignetteFilter.h */,
				AD1D2C6A1897538900752339 /* CLGPUImageVignetteFilter.m */,
			);
			name = CLGPUImageFilters;
			sourceTree = "<group>";
		};
		AD29BB5A18EA471A0084D3D6 /* CLEmoticonTool */ = {
			isa = PBXGroup;
			children = (
				AD29BB5B18EA471A0084D3D6 /* CLEmoticonTool.h */,
				AD29BB5C18EA471A0084D3D6 /* CLEmoticonTool.m */,
			);
			path = CLEmoticonTool;
			sourceTree = "<group>";
		};
		AD359C2F1954FB2200B763CF /* CLSplashTool */ = {
			isa = PBXGroup;
			children = (
				AD359C301954FB4D00B763CF /* CLSplashTool.h */,
				AD359C311954FB4D00B763CF /* CLSplashTool.m */,
			);
			path = CLSplashTool;
			sourceTree = "<group>";
		};
		AD5A032C1897528000347C57 /* OptionalImageTools */ = {
			isa = PBXGroup;
			children = (
				AD359C2F1954FB2200B763CF /* CLSplashTool */,
				AD29BB5A18EA471A0084D3D6 /* CLEmoticonTool */,
				AD1D2C681897532100752339 /* CLGPUImageFilters */,
				AD5A032D1897528000347C57 /* CLResizeTool */,
				AD5A03301897528000347C57 /* CLStickerTool */,
				AD5A03331897528000347C57 /* CLTextTool */,
			);
			name = OptionalImageTools;
			path = ../../OptionalImageTools;
			sourceTree = "<group>";
		};
		AD5A032D1897528000347C57 /* CLResizeTool */ = {
			isa = PBXGroup;
			children = (
				AD5A032E1897528000347C57 /* CLResizeTool.h */,
				AD5A032F1897528000347C57 /* CLResizeTool.m */,
			);
			path = CLResizeTool;
			sourceTree = "<group>";
		};
		AD5A03301897528000347C57 /* CLStickerTool */ = {
			isa = PBXGroup;
			children = (
				AD5A03311897528000347C57 /* CLStickerTool.h */,
				AD5A03321897528000347C57 /* CLStickerTool.m */,
			);
			path = CLStickerTool;
			sourceTree = "<group>";
		};
		AD5A03331897528000347C57 /* CLTextTool */ = {
			isa = PBXGroup;
			children = (
				AD5A03341897528000347C57 /* CLFontPickerView.h */,
				AD5A03351897528000347C57 /* CLFontPickerView.m */,
				AD5A03361897528000347C57 /* CLPickerDrum.h */,
				AD5A03371897528000347C57 /* CLPickerDrum.m */,
				AD5A03381897528000347C57 /* CLPickerView.h */,
				AD5A03391897528000347C57 /* CLPickerView.m */,
				AD5A033A1897528000347C57 /* CLTextLabel.h */,
				AD5A033B1897528000347C57 /* CLTextLabel.m */,
				AD5A033C1897528000347C57 /* CLTextSettingView.h */,
				AD5A033D1897528000347C57 /* CLTextSettingView.m */,
				AD5A033E1897528000347C57 /* CLTextTool.h */,
				AD5A033F1897528000347C57 /* CLTextTool.m */,
			);
			path = CLTextTool;
			sourceTree = "<group>";
		};
		AD5C1DF718350DC400790989 = {
			isa = PBXGroup;
			children = (
				AD5A032C1897528000347C57 /* OptionalImageTools */,
				AD5C1E0918350DC400790989 /* CLImageEditorDemo */,
				AD5C1E0218350DC400790989 /* Frameworks */,
				AD5C1E0118350DC400790989 /* Products */,
			);
			sourceTree = "<group>";
		};
		AD5C1E0118350DC400790989 /* Products */ = {
			isa = PBXGroup;
			children = (
				AD5C1E0018350DC400790989 /* CLImageEditorDemo.app */,
			);
			name = Products;
			sourceTree = "<group>";
		};
		AD5C1E0218350DC400790989 /* Frameworks */ = {
			isa = PBXGroup;
			children = (
				AD85D68818457394003106A3 /* CoreImage.framework */,
				AD85D68618457388003106A3 /* Accelerate.framework */,
				AD5C1E0318350DC400790989 /* Foundation.framework */,
				AD5C1E0518350DC400790989 /* CoreGraphics.framework */,
				AD5C1E0718350DC400790989 /* UIKit.framework */,
				AD5C1E2218350DC400790989 /* XCTest.framework */,
			);
			name = Frameworks;
			sourceTree = "<group>";
		};
		AD5C1E0918350DC400790989 /* CLImageEditorDemo */ = {
			isa = PBXGroup;
			children = (
				AD5C1E0A18350DC400790989 /* Supporting Files */,
				AD5C1E1B18350DC400790989 /* Images.xcassets */,
				AD5C1E8918350F1800790989 /* default.jpg */,
				AD5C1E1218350DC400790989 /* AppDelegate.h */,
				AD5C1E1318350DC400790989 /* AppDelegate.m */,
				AD5C1E1518350DC400790989 /* Main.storyboard */,
				AD5C1E1818350DC400790989 /* ViewController.h */,
				AD5C1E1918350DC400790989 /* ViewController.m */,
			);
			path = CLImageEditorDemo;
			sourceTree = "<group>";
		};
		AD5C1E0A18350DC400790989 /* Supporting Files */ = {
			isa = PBXGroup;
			children = (
				AD5C1E0B18350DC400790989 /* CLImageEditorDemo-Info.plist */,
				AD5C1E0C18350DC400790989 /* InfoPlist.strings */,
				AD5C1E0F18350DC400790989 /* main.m */,
				AD5C1E1118350DC400790989 /* CLImageEditorDemo-Prefix.pch */,
			);
			name = "Supporting Files";
			sourceTree = "<group>";
		};
/* End PBXGroup section */

/* Begin PBXNativeTarget section */
		AD5C1DFF18350DC400790989 /* CLImageEditorDemo */ = {
			isa = PBXNativeTarget;
			buildConfigurationList = AD5C1E3218350DC500790989 /* Build configuration list for PBXNativeTarget "CLImageEditorDemo" */;
			buildPhases = (
				AD5C1DFC18350DC400790989 /* Sources */,
				AD5C1DFD18350DC400790989 /* Frameworks */,
				AD5C1DFE18350DC400790989 /* Resources */,
			);
			buildRules = (
			);
			dependencies = (
			);
			name = CLImageEditorDemo;
			productName = CLImageEditorDemo;
			productReference = AD5C1E0018350DC400790989 /* CLImageEditorDemo.app */;
			productType = "com.apple.product-type.application";
		};
/* End PBXNativeTarget section */

/* Begin PBXProject section */
		AD5C1DF818350DC400790989 /* Project object */ = {
			isa = PBXProject;
			attributes = {
				BuildIndependentTargetsInParallel = YES;
				LastUpgradeCheck = 1620;
				ORGANIZATIONNAME = CALACULU;
			};
			buildConfigurationList = AD5C1DFB18350DC400790989 /* Build configuration list for PBXProject "CLImageEditorDemo" */;
			compatibilityVersion = "Xcode 3.2";
			developmentRegion = English;
			hasScannedForEncodings = 0;
			knownRegions = (
				English,
				en,
				Base,
				ja,
			);
			mainGroup = AD5C1DF718350DC400790989;
			packageReferences = (
				91FAAC742CE5AC1000E0DF19 /* XCLocalSwiftPackageReference "../../../CLImageEditor" */,
			);
			productRefGroup = AD5C1E0118350DC400790989 /* Products */;
			projectDirPath = "";
			projectRoot = "";
			targets = (
				AD5C1DFF18350DC400790989 /* CLImageEditorDemo */,
			);
		};
/* End PBXProject section */

/* Begin PBXResourcesBuildPhase section */
		AD5C1DFE18350DC400790989 /* Resources */ = {
			isa = PBXResourcesBuildPhase;
			buildActionMask = 2147483647;
			files = (
				AD5C1E1C18350DC400790989 /* Images.xcassets in Resources */,
				AD5C1E0E18350DC400790989 /* InfoPlist.strings in Resources */,
				AD5C1E1718350DC400790989 /* Main.storyboard in Resources */,
				AD5C1E8A18350F1800790989 /* default.jpg in Resources */,
			);
			runOnlyForDeploymentPostprocessing = 0;
		};
/* End PBXResourcesBuildPhase section */

/* Begin PBXSourcesBuildPhase section */
		AD5C1DFC18350DC400790989 /* Sources */ = {
			isa = PBXSourcesBuildPhase;
			buildActionMask = 2147483647;
			files = (
				AD5A03661897528000347C57 /* CLPickerView.m in Sources */,
				AD5A03621897528000347C57 /* CLResizeTool.m in Sources */,
				AD5A03641897528000347C57 /* CLFontPickerView.m in Sources */,
				AD5C1E1A18350DC400790989 /* ViewController.m in Sources */,
				AD5C1E1418350DC400790989 /* AppDelegate.m in Sources */,
				AD5A03651897528000347C57 /* CLPickerDrum.m in Sources */,
				AD5A03671897528000347C57 /* CLTextLabel.m in Sources */,
				AD1D2C6B1897538900752339 /* CLGPUImageVignetteFilter.m in Sources */,
				AD29BB5D18EA471A0084D3D6 /* CLEmoticonTool.m in Sources */,
				AD5C1E1018350DC400790989 /* main.m in Sources */,
				AD5A03691897528000347C57 /* CLTextTool.m in Sources */,
				AD359C321954FB4D00B763CF /* CLSplashTool.m in Sources */,
				AD5A03681897528000347C57 /* CLTextSettingView.m in Sources */,
				AD5A03631897528000347C57 /* CLStickerTool.m in Sources */,
			);
			runOnlyForDeploymentPostprocessing = 0;
		};
/* End PBXSourcesBuildPhase section */

/* Begin PBXVariantGroup section */
		AD5C1E0C18350DC400790989 /* InfoPlist.strings */ = {
			isa = PBXVariantGroup;
			children = (
				AD5C1E0D18350DC400790989 /* en */,
				AD13E67C1850F7C8009B12AD /* ja */,
			);
			name = InfoPlist.strings;
			sourceTree = "<group>";
		};
		AD5C1E1518350DC400790989 /* Main.storyboard */ = {
			isa = PBXVariantGroup;
			children = (
				AD5C1E1618350DC400790989 /* Base */,
			);
			name = Main.storyboard;
			sourceTree = "<group>";
		};
/* End PBXVariantGroup section */

/* Begin XCBuildConfiguration section */
		AD5C1E3018350DC500790989 /* Debug */ = {
			isa = XCBuildConfiguration;
			buildSettings = {
				ALWAYS_SEARCH_USER_PATHS = NO;
				CLANG_ANALYZER_LOCALIZABILITY_NONLOCALIZED = YES;
				CLANG_CXX_LANGUAGE_STANDARD = "gnu++0x";
				CLANG_CXX_LIBRARY = "libc++";
				CLANG_ENABLE_MODULES = YES;
				CLANG_ENABLE_OBJC_ARC = YES;
				CLANG_WARN_BLOCK_CAPTURE_AUTORELEASING = YES;
				CLANG_WARN_BOOL_CONVERSION = YES;
				CLANG_WARN_COMMA = YES;
				CLANG_WARN_CONSTANT_CONVERSION = YES;
				CLANG_WARN_DEPRECATED_OBJC_IMPLEMENTATIONS = YES;
				CLANG_WARN_DIRECT_OBJC_ISA_USAGE = YES_ERROR;
				CLANG_WARN_EMPTY_BODY = YES;
				CLANG_WARN_ENUM_CONVERSION = YES;
				CLANG_WARN_INFINITE_RECURSION = YES;
				CLANG_WARN_INT_CONVERSION = YES;
				CLANG_WARN_NON_LITERAL_NULL_CONVERSION = YES;
				CLANG_WARN_OBJC_IMPLICIT_RETAIN_SELF = YES;
				CLANG_WARN_OBJC_LITERAL_CONVERSION = YES;
				CLANG_WARN_OBJC_ROOT_CLASS = YES_ERROR;
				CLANG_WARN_QUOTED_INCLUDE_IN_FRAMEWORK_HEADER = YES;
				CLANG_WARN_RANGE_LOOP_ANALYSIS = YES;
				CLANG_WARN_STRICT_PROTOTYPES = YES;
				CLANG_WARN_SUSPICIOUS_MOVE = YES;
				CLANG_WARN_UNREACHABLE_CODE = YES;
				CLANG_WARN__DUPLICATE_METHOD_MATCH = YES;
				"CODE_SIGN_IDENTITY[sdk=iphoneos*]" = "iPhone Developer";
				COPY_PHASE_STRIP = NO;
				ENABLE_STRICT_OBJC_MSGSEND = YES;
				ENABLE_TESTABILITY = YES;
				ENABLE_USER_SCRIPT_SANDBOXING = YES;
				GCC_C_LANGUAGE_STANDARD = gnu99;
				GCC_DYNAMIC_NO_PIC = NO;
				GCC_NO_COMMON_BLOCKS = YES;
				GCC_OPTIMIZATION_LEVEL = 0;
				GCC_PREPROCESSOR_DEFINITIONS = (
					"DEBUG=1",
					"$(inherited)",
				);
				GCC_SYMBOLS_PRIVATE_EXTERN = NO;
				GCC_WARN_64_TO_32_BIT_CONVERSION = YES;
				GCC_WARN_ABOUT_RETURN_TYPE = YES_ERROR;
				GCC_WARN_UNDECLARED_SELECTOR = YES;
				GCC_WARN_UNINITIALIZED_AUTOS = YES;
				GCC_WARN_UNUSED_FUNCTION = YES;
				GCC_WARN_UNUSED_VARIABLE = YES;
				IPHONEOS_DEPLOYMENT_TARGET = 12.0;
				ONLY_ACTIVE_ARCH = YES;
				SDKROOT = iphoneos;
			};
			name = Debug;
		};
		AD5C1E3118350DC500790989 /* Release */ = {
			isa = XCBuildConfiguration;
			buildSettings = {
				ALWAYS_SEARCH_USER_PATHS = NO;
				CLANG_ANALYZER_LOCALIZABILITY_NONLOCALIZED = YES;
				CLANG_CXX_LANGUAGE_STANDARD = "gnu++0x";
				CLANG_CXX_LIBRARY = "libc++";
				CLANG_ENABLE_MODULES = YES;
				CLANG_ENABLE_OBJC_ARC = YES;
				CLANG_WARN_BLOCK_CAPTURE_AUTORELEASING = YES;
				CLANG_WARN_BOOL_CONVERSION = YES;
				CLANG_WARN_COMMA = YES;
				CLANG_WARN_CONSTANT_CONVERSION = YES;
				CLANG_WARN_DEPRECATED_OBJC_IMPLEMENTATIONS = YES;
				CLANG_WARN_DIRECT_OBJC_ISA_USAGE = YES_ERROR;
				CLANG_WARN_EMPTY_BODY = YES;
				CLANG_WARN_ENUM_CONVERSION = YES;
				CLANG_WARN_INFINITE_RECURSION = YES;
				CLANG_WARN_INT_CONVERSION = YES;
				CLANG_WARN_NON_LITERAL_NULL_CONVERSION = YES;
				CLANG_WARN_OBJC_IMPLICIT_RETAIN_SELF = YES;
				CLANG_WARN_OBJC_LITERAL_CONVERSION = YES;
				CLANG_WARN_OBJC_ROOT_CLASS = YES_ERROR;
				CLANG_WARN_QUOTED_INCLUDE_IN_FRAMEWORK_HEADER = YES;
				CLANG_WARN_RANGE_LOOP_ANALYSIS = YES;
				CLANG_WARN_STRICT_PROTOTYPES = YES;
				CLANG_WARN_SUSPICIOUS_MOVE = YES;
				CLANG_WARN_UNREACHABLE_CODE = YES;
				CLANG_WARN__DUPLICATE_METHOD_MATCH = YES;
				"CODE_SIGN_IDENTITY[sdk=iphoneos*]" = "iPhone Developer";
				COPY_PHASE_STRIP = YES;
				ENABLE_NS_ASSERTIONS = NO;
				ENABLE_STRICT_OBJC_MSGSEND = YES;
				ENABLE_USER_SCRIPT_SANDBOXING = YES;
				GCC_C_LANGUAGE_STANDARD = gnu99;
				GCC_NO_COMMON_BLOCKS = YES;
				GCC_WARN_64_TO_32_BIT_CONVERSION = YES;
				GCC_WARN_ABOUT_RETURN_TYPE = YES_ERROR;
				GCC_WARN_UNDECLARED_SELECTOR = YES;
				GCC_WARN_UNINITIALIZED_AUTOS = YES;
				GCC_WARN_UNUSED_FUNCTION = YES;
				GCC_WARN_UNUSED_VARIABLE = YES;
				IPHONEOS_DEPLOYMENT_TARGET = 12.0;
				SDKROOT = iphoneos;
				VALIDATE_PRODUCT = YES;
			};
			name = Release;
		};
		AD5C1E3318350DC500790989 /* Debug */ = {
			isa = XCBuildConfiguration;
			buildSettings = {
				ASSETCATALOG_COMPILER_APPICON_NAME = AppIcon;
				ASSETCATALOG_COMPILER_LAUNCHIMAGE_NAME = LaunchImage;
				GCC_PRECOMPILE_PREFIX_HEADER = YES;
				GCC_PREFIX_HEADER = "CLImageEditorDemo/CLImageEditorDemo-Prefix.pch";
				INFOPLIST_FILE = "CLImageEditorDemo/CLImageEditorDemo-Info.plist";
				IPHONEOS_DEPLOYMENT_TARGET = 15.6;
				PRODUCT_BUNDLE_IDENTIFIER = "jp.calaculu.${PRODUCT_NAME:rfc1034identifier}";
				PRODUCT_NAME = "$(TARGET_NAME)";
				TARGETED_DEVICE_FAMILY = "1,2";
				WRAPPER_EXTENSION = app;
			};
			name = Debug;
		};
		AD5C1E3418350DC500790989 /* Release */ = {
			isa = XCBuildConfiguration;
			buildSettings = {
				ASSETCATALOG_COMPILER_APPICON_NAME = AppIcon;
				ASSETCATALOG_COMPILER_LAUNCHIMAGE_NAME = LaunchImage;
				GCC_PRECOMPILE_PREFIX_HEADER = YES;
				GCC_PREFIX_HEADER = "CLImageEditorDemo/CLImageEditorDemo-Prefix.pch";
				INFOPLIST_FILE = "CLImageEditorDemo/CLImageEditorDemo-Info.plist";
				IPHONEOS_DEPLOYMENT_TARGET = 15.6;
				PRODUCT_BUNDLE_IDENTIFIER = "jp.calaculu.${PRODUCT_NAME:rfc1034identifier}";
				PRODUCT_NAME = "$(TARGET_NAME)";
				TARGETED_DEVICE_FAMILY = "1,2";
				WRAPPER_EXTENSION = app;
			};
			name = Release;
		};
/* End XCBuildConfiguration section */

/* Begin XCConfigurationList section */
		AD5C1DFB18350DC400790989 /* Build configuration list for PBXProject "CLImageEditorDemo" */ = {
			isa = XCConfigurationList;
			buildConfigurations = (
				AD5C1E3018350DC500790989 /* Debug */,
				AD5C1E3118350DC500790989 /* Release */,
			);
			defaultConfigurationIsVisible = 0;
			defaultConfigurationName = Release;
		};
		AD5C1E3218350DC500790989 /* Build configuration list for PBXNativeTarget "CLImageEditorDemo" */ = {
			isa = XCConfigurationList;
			buildConfigurations = (
				AD5C1E3318350DC500790989 /* Debug */,
				AD5C1E3418350DC500790989 /* Release */,
			);
			defaultConfigurationIsVisible = 0;
			defaultConfigurationName = Release;
		};
/* End XCConfigurationList section */

/* Begin XCLocalSwiftPackageReference section */
		91FAAC742CE5AC1000E0DF19 /* XCLocalSwiftPackageReference "../../../CLImageEditor" */ = {
			isa = XCLocalSwiftPackageReference;
			relativePath = ../../../CLImageEditor;
		};
/* End XCLocalSwiftPackageReference section */

/* Begin XCSwiftPackageProductDependency section */
		91D749C52CE42CD8003BDFAE /* CLImageEditor */ = {
			isa = XCSwiftPackageProductDependency;
			productName = CLImageEditor;
		};
		91FAAC752CE5AC1000E0DF19 /* CLImageEditor */ = {
			isa = XCSwiftPackageProductDependency;
			productName = CLImageEditor;
		};
/* End XCSwiftPackageProductDependency section */
	};
	rootObject = AD5C1DF818350DC400790989 /* Project object */;
}
